{
  "requires": true,
  "lockfileVersion": 1,
  "dependencies": {
    "svgxuse": {
      "version": "1.2.6",
      "resolved": "https://registry.npmjs.org/svgxuse/-/svgxuse-1.2.6.tgz",
      "integrity": "sha512-0KC0I24LDskC2vaVjUQfFmdtKJk8wFwMYOjCci0HlhBRSc0F86dZRqNBHf6BoS5bibQ7chgnBQWyJCTYkzVuSA=="
    }
  }
}
